
Microsoft Visual Studio Solution File, Format Version 12.00
# Visual Studio Version 17
VisualStudioVersion = 17.4.33213.308
MinimumVisualStudioVersion = 10.0.40219.1
Project("{9A19103F-16F7-4668-BE54-9A1E7A4F7556}") = "HelloWorld.Console", "HelloWorld.Console\HelloWorld.Console.csproj", "{97A97C66-2E39-41CE-B599-396F0BD67533}"
EndProject
Project("{FAE04EC0-301F-11D3-BF4B-00C04F79EFBC}") = "HelloWorld.Console.Test", "HelloWorld.Console.Test\HelloWorld.Console.Test.csproj", "{5D56D0B7-C47B-4729-BDBA-0D26C7C24710}"
EndProject
Global
	GlobalSection(SolutionConfigurationPlatforms) = preSolution
		Debug|Any CPU = Debug|Any CPU
		Release|Any CPU = Release|Any CPU
	EndGlobalSection
	GlobalSection(ProjectConfigurationPlatforms) = postSolution
		{97A97C66-2E39-41CE-B599-396F0BD67533}.Debug|Any CPU.ActiveCfg = Debug|Any CPU
		{97A97C66-2E39-41CE-B599-396F0BD67533}.Debug|Any CPU.Build.0 = Debug|Any CPU
		{97A97C66-2E39-41CE-B599-396F0BD67533}.Release|Any CPU.ActiveCfg = Release|Any CPU
		{97A97C66-2E39-41CE-B599-396F0BD67533}.Release|Any CPU.Build.0 = Release|Any CPU
		{5D56D0B7-C47B-4729-BDBA-0D26C7C24710}.Debug|Any CPU.ActiveCfg = Debug|Any CPU
		{5D56D0B7-C47B-4729-BDBA-0D26C7C24710}.Debug|Any CPU.Build.0 = Debug|Any CPU
		{5D56D0B7-C47B-4729-BDBA-0D26C7C24710}.Release|Any CPU.ActiveCfg = Release|Any CPU
		{5D56D0B7-C47B-4729-BDBA-0D26C7C24710}.Release|Any CPU.Build.0 = Release|Any CPU
	EndGlobalSection
	GlobalSection(SolutionProperties) = preSolution
		HideSolutionNode = FALSE
	EndGlobalSection
	GlobalSection(ExtensibilityGlobals) = postSolution
		SolutionGuid = {3E03A6E2-B0F3-4713-AB9E-C87012FAC4D2}
	EndGlobalSection
EndGlobal
